
Microsoft Visual Studio Solution File, Format Version 12.00
# Visual Studio Version 16
VisualStudioVersion = 16.0.31729.503
MinimumVisualStudioVersion = 10.0.40219.1
Project("{FAE04EC0-301F-11D3-BF4B-00C04F79EFBC}") = "CustomOnlineBadge", "CustomOnlineBadge\CustomOnlineBadge.csproj", "{F3FF091E-46FC-40D7-92A5-CF5794C55FA0}"
EndProject
Global
	GlobalSection(SolutionConfigurationPlatforms) = preSolution
		Debug|Any CPU = Debug|Any CPU
		Release|Any CPU = Release|Any CPU
	EndGlobalSection
	GlobalSection(ProjectConfigurationPlatforms) = postSolution
		{F3FF091E-46FC-40D7-92A5-CF5794C55FA0}.Debug|Any CPU.ActiveCfg = Debug|Any CPU
		{F3FF091E-46FC-40D7-92A5-CF5794C55FA0}.Debug|Any CPU.Build.0 = Debug|Any CPU
		{F3FF091E-46FC-40D7-92A5-CF5794C55FA0}.Release|Any CPU.ActiveCfg = Release|Any CPU
		{F3FF091E-46FC-40D7-92A5-CF5794C55FA0}.Release|Any CPU.Build.0 = Release|Any CPU
	EndGlobalSection
	GlobalSection(SolutionProperties) = preSolution
		HideSolutionNode = FALSE
	EndGlobalSection
	GlobalSection(ExtensibilityGlobals) = postSolution
		SolutionGuid = {A9859100-724B-440D-8905-1E13FD93FDF3}
	EndGlobalSection
EndGlobal
